
Microsoft Visual Studio Solution File, Format Version 12.00
Project("{FAE04EC0-301F-11D3-BF4B-00C04F79EFBC}") = "medlink", "medlink.csproj", "{95A93693-C5BD-493D-8C4B-D2D8E3014968}"
EndProject
Global
	GlobalSection(SolutionConfigurationPlatforms) = preSolution
		Debug|Any CPU = Debug|Any CPU
		Release|Any CPU = Release|Any CPU
	EndGlobalSection
	GlobalSection(ProjectConfigurationPlatforms) = postSolution
		{95A93693-C5BD-493D-8C4B-D2D8E3014968}.Debug|Any CPU.ActiveCfg = Debug|Any CPU
		{95A93693-C5BD-493D-8C4B-D2D8E3014968}.Debug|Any CPU.Build.0 = Debug|Any CPU
		{95A93693-C5BD-493D-8C4B-D2D8E3014968}.Release|Any CPU.ActiveCfg = Release|Any CPU
		{95A93693-C5BD-493D-8C4B-D2D8E3014968}.Release|Any CPU.Build.0 = Release|Any CPU
	EndGlobalSection
EndGlobal
